schema: '2.0'
stages:
  get_data:
    cmd: uv run python scripts/get_data.py
    deps:
    - path: scripts/get_data.py
      hash: md5
      md5: d1dbb6f1157e59aa0978c892b668d6b3
      size: 577
    - path: src/queries/data.sql
      hash: md5
      md5: 347263b884dcdbdf2f56f4cb3aa9099d
      size: 1708
    outs:
    - path: data/data.parquet
      hash: md5
      md5: efd18fa92ad5dc31104cabe504bc3413
      size: 5884
  train:
    cmd: uv run python scripts/train.py
    deps:
    - path: config.yml
      hash: md5
      md5: 80ed6c55b41d3a5ccd0e8cb31ad57d9f
      size: 379
    - path: data/data.parquet
      hash: md5
      md5: efd18fa92ad5dc31104cabe504bc3413
      size: 5884
    - path: scripts/train.py
      hash: md5
      md5: d68f55664f1975a08d8e2c26c0ed08d0
      size: 2528
    - path: src/
      hash: md5
      md5: f12104a88438fe83b8634c5f73953b84.dir
      size: 56614
      nfiles: 17
    outs:
    - path: data/leaderboard.json
      hash: md5
      md5: 4dd947f01f902b0bf2b2f71f629c921f
      size: 531
